
Microsoft Visual Studio Solution File, Format Version 12.00
# Visual Studio Version 17
VisualStudioVersion = 17.12.35707.178
MinimumVisualStudioVersion = 10.0.40219.1
Project("{FAE04EC0-301F-11D3-BF4B-00C04F79EFBC}") = "UI", "UI\UI.csproj", "{555B5669-20D7-49FA-977F-F59973FFD3CD}"
EndProject
Project("{FAE04EC0-301F-11D3-BF4B-00C04F79EFBC}") = "Domain", "Application\Domain.csproj", "{8354839C-C95B-4440-A802-87CB97E99621}"
EndProject
Project("{FAE04EC0-301F-11D3-BF4B-00C04F79EFBC}") = "Infrastructure", "Infrastructure\Infrastructure.csproj", "{9BB6911A-1274-4F2B-9711-3F04E7C06A83}"
EndProject
Project("{FAE04EC0-301F-11D3-BF4B-00C04F79EFBC}") = "Applicattion", "Applicattion\Applicattion.csproj", "{1E5A1F20-8E41-41C7-A8F1-035F9418ABEC}"
EndProject
Global
	GlobalSection(SolutionConfigurationPlatforms) = preSolution
		Debug|Any CPU = Debug|Any CPU
		Release|Any CPU = Release|Any CPU
	EndGlobalSection
	GlobalSection(ProjectConfigurationPlatforms) = postSolution
		{555B5669-20D7-49FA-977F-F59973FFD3CD}.Debug|Any CPU.ActiveCfg = Debug|Any CPU
		{555B5669-20D7-49FA-977F-F59973FFD3CD}.Debug|Any CPU.Build.0 = Debug|Any CPU
		{555B5669-20D7-49FA-977F-F59973FFD3CD}.Release|Any CPU.ActiveCfg = Release|Any CPU
		{555B5669-20D7-49FA-977F-F59973FFD3CD}.Release|Any CPU.Build.0 = Release|Any CPU
		{8354839C-C95B-4440-A802-87CB97E99621}.Debug|Any CPU.ActiveCfg = Debug|Any CPU
		{8354839C-C95B-4440-A802-87CB97E99621}.Debug|Any CPU.Build.0 = Debug|Any CPU
		{8354839C-C95B-4440-A802-87CB97E99621}.Release|Any CPU.ActiveCfg = Release|Any CPU
		{8354839C-C95B-4440-A802-87CB97E99621}.Release|Any CPU.Build.0 = Release|Any CPU
		{9BB6911A-1274-4F2B-9711-3F04E7C06A83}.Debug|Any CPU.ActiveCfg = Debug|Any CPU
		{9BB6911A-1274-4F2B-9711-3F04E7C06A83}.Debug|Any CPU.Build.0 = Debug|Any CPU
		{9BB6911A-1274-4F2B-9711-3F04E7C06A83}.Release|Any CPU.ActiveCfg = Release|Any CPU
		{9BB6911A-1274-4F2B-9711-3F04E7C06A83}.Release|Any CPU.Build.0 = Release|Any CPU
		{1E5A1F20-8E41-41C7-A8F1-035F9418ABEC}.Debug|Any CPU.ActiveCfg = Debug|Any CPU
		{1E5A1F20-8E41-41C7-A8F1-035F9418ABEC}.Debug|Any CPU.Build.0 = Debug|Any CPU
		{1E5A1F20-8E41-41C7-A8F1-035F9418ABEC}.Release|Any CPU.ActiveCfg = Release|Any CPU
		{1E5A1F20-8E41-41C7-A8F1-035F9418ABEC}.Release|Any CPU.Build.0 = Release|Any CPU
	EndGlobalSection
	GlobalSection(SolutionProperties) = preSolution
		HideSolutionNode = FALSE
	EndGlobalSection
EndGlobal
